
Microsoft Visual Studio Solution File, Format Version 12.00
# Visual Studio 14
VisualStudioVersion = 14.0.25420.1
MinimumVisualStudioVersion = 10.0.40219.1
Project("{FAE04EC0-301F-11D3-BF4B-00C04F79EFBC}") = "FCM", "FCM\FCM\FCM.csproj", "{69766678-9335-4AC6-861E-4F0696A4271F}"
EndProject
Project("{FAE04EC0-301F-11D3-BF4B-00C04F79EFBC}") = "FCM.Droid", "FCM\FCM.Droid\FCM.Droid.csproj", "{2FC435CC-CB55-4267-AB24-17E4197293F9}"
EndProject
Project("{FAE04EC0-301F-11D3-BF4B-00C04F79EFBC}") = "FCM.iOS", "FCM\FCM.iOS\FCM.iOS.csproj", "{C548AE91-8C24-481A-909C-06BFF28F676E}"
EndProject
Project("{FAE04EC0-301F-11D3-BF4B-00C04F79EFBC}") = "FCM.WinPhone", "FCM\FCM.WinPhone\FCM.WinPhone.csproj", "{21544F7D-918F-4619-9DC9-10D45D5D7A88}"
EndProject
Project("{FAE04EC0-301F-11D3-BF4B-00C04F79EFBC}") = "FCM.Windows", "FCM\FCM.Windows\FCM.Windows.csproj", "{D97DBA49-293E-4A00-8098-61CECE8B5BFF}"
EndProject
Global
	GlobalSection(SolutionConfigurationPlatforms) = preSolution
		Ad-Hoc|Any CPU = Ad-Hoc|Any CPU
		Ad-Hoc|ARM = Ad-Hoc|ARM
		Ad-Hoc|iPhone = Ad-Hoc|iPhone
		Ad-Hoc|iPhoneSimulator = Ad-Hoc|iPhoneSimulator
		Ad-Hoc|x64 = Ad-Hoc|x64
		Ad-Hoc|x86 = Ad-Hoc|x86
		AppStore|Any CPU = AppStore|Any CPU
		AppStore|ARM = AppStore|ARM
		AppStore|iPhone = AppStore|iPhone
		AppStore|iPhoneSimulator = AppStore|iPhoneSimulator
		AppStore|x64 = AppStore|x64
		AppStore|x86 = AppStore|x86
		Debug|Any CPU = Debug|Any CPU
		Debug|ARM = Debug|ARM
		Debug|iPhone = Debug|iPhone
		Debug|iPhoneSimulator = Debug|iPhoneSimulator
		Debug|x64 = Debug|x64
		Debug|x86 = Debug|x86
		Release|Any CPU = Release|Any CPU
		Release|ARM = Release|ARM
		Release|iPhone = Release|iPhone
		Release|iPhoneSimulator = Release|iPhoneSimulator
		Release|x64 = Release|x64
		Release|x86 = Release|x86
	EndGlobalSection
	GlobalSection(ProjectConfigurationPlatforms) = postSolution
		{69766678-9335-4AC6-861E-4F0696A4271F}.Ad-Hoc|Any CPU.ActiveCfg = Release|Any CPU
		{69766678-9335-4AC6-861E-4F0696A4271F}.Ad-Hoc|Any CPU.Build.0 = Release|Any CPU
		{69766678-9335-4AC6-861E-4F0696A4271F}.Ad-Hoc|ARM.ActiveCfg = Release|Any CPU
		{69766678-9335-4AC6-861E-4F0696A4271F}.Ad-Hoc|ARM.Build.0 = Release|Any CPU
		{69766678-9335-4AC6-861E-4F0696A4271F}.Ad-Hoc|iPhone.ActiveCfg = Release|Any CPU
		{69766678-9335-4AC6-861E-4F0696A4271F}.Ad-Hoc|iPhone.Build.0 = Release|Any CPU
		{69766678-9335-4AC6-861E-4F0696A4271F}.Ad-Hoc|iPhoneSimulator.ActiveCfg = Release|Any CPU
		{69766678-9335-4AC6-861E-4F0696A4271F}.Ad-Hoc|iPhoneSimulator.Build.0 = Release|Any CPU
		{69766678-9335-4AC6-861E-4F0696A4271F}.Ad-Hoc|x64.ActiveCfg = Release|Any CPU
		{69766678-9335-4AC6-861E-4F0696A4271F}.Ad-Hoc|x64.Build.0 = Release|Any CPU
		{69766678-9335-4AC6-861E-4F0696A4271F}.Ad-Hoc|x86.ActiveCfg = Release|Any CPU
		{69766678-9335-4AC6-861E-4F0696A4271F}.Ad-Hoc|x86.Build.0 = Release|Any CPU
		{69766678-9335-4AC6-861E-4F0696A4271F}.AppStore|Any CPU.ActiveCfg = Release|Any CPU
		{69766678-9335-4AC6-861E-4F0696A4271F}.AppStore|Any CPU.Build.0 = Release|Any CPU
		{69766678-9335-4AC6-861E-4F0696A4271F}.AppStore|ARM.ActiveCfg = Release|Any CPU
		{69766678-9335-4AC6-861E-4F0696A4271F}.AppStore|ARM.Build.0 = Release|Any CPU
		{69766678-9335-4AC6-861E-4F0696A4271F}.AppStore|iPhone.ActiveCfg = Release|Any CPU
		{69766678-9335-4AC6-861E-4F0696A4271F}.AppStore|iPhone.Build.0 = Release|Any CPU
		{69766678-9335-4AC6-861E-4F0696A4271F}.AppStore|iPhoneSimulator.ActiveCfg = Release|Any CPU
		{69766678-9335-4AC6-861E-4F0696A4271F}.AppStore|iPhoneSimulator.Build.0 = Release|Any CPU
		{69766678-9335-4AC6-861E-4F0696A4271F}.AppStore|x64.ActiveCfg = Release|Any CPU
		{69766678-9335-4AC6-861E-4F0696A4271F}.AppStore|x64.Build.0 = Release|Any CPU
		{69766678-9335-4AC6-861E-4F0696A4271F}.AppStore|x86.ActiveCfg = Release|Any CPU
		{69766678-9335-4AC6-861E-4F0696A4271F}.AppStore|x86.Build.0 = Release|Any CPU
		{69766678-9335-4AC6-861E-4F0696A4271F}.Debug|Any CPU.ActiveCfg = Debug|Any CPU
		{69766678-9335-4AC6-861E-4F0696A4271F}.Debug|Any CPU.Build.0 = Debug|Any CPU
		{69766678-9335-4AC6-861E-4F0696A4271F}.Debug|ARM.ActiveCfg = Debug|Any CPU
		{69766678-9335-4AC6-861E-4F0696A4271F}.Debug|ARM.Build.0 = Debug|Any CPU
		{69766678-9335-4AC6-861E-4F0696A4271F}.Debug|iPhone.ActiveCfg = Debug|Any CPU
		{69766678-9335-4AC6-861E-4F0696A4271F}.Debug|iPhone.Build.0 = Debug|Any CPU
		{69766678-9335-4AC6-861E-4F0696A4271F}.Debug|iPhoneSimulator.ActiveCfg = Debug|Any CPU
		{69766678-9335-4AC6-861E-4F0696A4271F}.Debug|iPhoneSimulator.Build.0 = Debug|Any CPU
		{69766678-9335-4AC6-861E-4F0696A4271F}.Debug|x64.ActiveCfg = Debug|Any CPU
		{69766678-9335-4AC6-861E-4F0696A4271F}.Debug|x64.Build.0 = Debug|Any CPU
		{69766678-9335-4AC6-861E-4F0696A4271F}.Debug|x86.ActiveCfg = Debug|Any CPU
		{69766678-9335-4AC6-861E-4F0696A4271F}.Debug|x86.Build.0 = Debug|Any CPU
		{69766678-9335-4AC6-861E-4F0696A4271F}.Release|Any CPU.ActiveCfg = Release|Any CPU
		{69766678-9335-4AC6-861E-4F0696A4271F}.Release|Any CPU.Build.0 = Release|Any CPU
		{69766678-9335-4AC6-861E-4F0696A4271F}.Release|ARM.ActiveCfg = Release|Any CPU
		{69766678-9335-4AC6-861E-4F0696A4271F}.Release|ARM.Build.0 = Release|Any CPU
		{69766678-9335-4AC6-861E-4F0696A4271F}.Release|iPhone.ActiveCfg = Release|Any CPU
		{69766678-9335-4AC6-861E-4F0696A4271F}.Release|iPhone.Build.0 = Release|Any CPU
		{69766678-9335-4AC6-861E-4F0696A4271F}.Release|iPhoneSimulator.ActiveCfg = Release|Any CPU
		{69766678-9335-4AC6-861E-4F0696A4271F}.Release|iPhoneSimulator.Build.0 = Release|Any CPU
		{69766678-9335-4AC6-861E-4F0696A4271F}.Release|x64.ActiveCfg = Release|Any CPU
		{69766678-9335-4AC6-861E-4F0696A4271F}.Release|x64.Build.0 = Release|Any CPU
		{69766678-9335-4AC6-861E-4F0696A4271F}.Release|x86.ActiveCfg = Release|Any CPU
		{69766678-9335-4AC6-861E-4F0696A4271F}.Release|x86.Build.0 = Release|Any CPU
		{2FC435CC-CB55-4267-AB24-17E4197293F9}.Ad-Hoc|Any CPU.ActiveCfg = Release|Any CPU
		{2FC435CC-CB55-4267-AB24-17E4197293F9}.Ad-Hoc|Any CPU.Build.0 = Release|Any CPU
		{2FC435CC-CB55-4267-AB24-17E4197293F9}.Ad-Hoc|Any CPU.Deploy.0 = Release|Any CPU
		{2FC435CC-CB55-4267-AB24-17E4197293F9}.Ad-Hoc|ARM.ActiveCfg = Release|Any CPU
		{2FC435CC-CB55-4267-AB24-17E4197293F9}.Ad-Hoc|ARM.Build.0 = Release|Any CPU
		{2FC435CC-CB55-4267-AB24-17E4197293F9}.Ad-Hoc|ARM.Deploy.0 = Release|Any CPU
		{2FC435CC-CB55-4267-AB24-17E4197293F9}.Ad-Hoc|iPhone.ActiveCfg = Release|Any CPU
		{2FC435CC-CB55-4267-AB24-17E4197293F9}.Ad-Hoc|iPhone.Build.0 = Release|Any CPU
		{2FC435CC-CB55-4267-AB24-17E4197293F9}.Ad-Hoc|iPhone.Deploy.0 = Release|Any CPU
		{2FC435CC-CB55-4267-AB24-17E4197293F9}.Ad-Hoc|iPhoneSimulator.ActiveCfg = Release|Any CPU
		{2FC435CC-CB55-4267-AB24-17E4197293F9}.Ad-Hoc|iPhoneSimulator.Build.0 = Release|Any CPU
		{2FC435CC-CB55-4267-AB24-17E4197293F9}.Ad-Hoc|iPhoneSimulator.Deploy.0 = Release|Any CPU
		{2FC435CC-CB55-4267-AB24-17E4197293F9}.Ad-Hoc|x64.ActiveCfg = Release|Any CPU
		{2FC435CC-CB55-4267-AB24-17E4197293F9}.Ad-Hoc|x64.Build.0 = Release|Any CPU
		{2FC435CC-CB55-4267-AB24-17E4197293F9}.Ad-Hoc|x64.Deploy.0 = Release|Any CPU
		{2FC435CC-CB55-4267-AB24-17E4197293F9}.Ad-Hoc|x86.ActiveCfg = Release|Any CPU
		{2FC435CC-CB55-4267-AB24-17E4197293F9}.Ad-Hoc|x86.Build.0 = Release|Any CPU
		{2FC435CC-CB55-4267-AB24-17E4197293F9}.Ad-Hoc|x86.Deploy.0 = Release|Any CPU
		{2FC435CC-CB55-4267-AB24-17E4197293F9}.AppStore|Any CPU.ActiveCfg = Release|Any CPU
		{2FC435CC-CB55-4267-AB24-17E4197293F9}.AppStore|Any CPU.Build.0 = Release|Any CPU
		{2FC435CC-CB55-4267-AB24-17E4197293F9}.AppStore|Any CPU.Deploy.0 = Release|Any CPU
		{2FC435CC-CB55-4267-AB24-17E4197293F9}.AppStore|ARM.ActiveCfg = Release|Any CPU
		{2FC435CC-CB55-4267-AB24-17E4197293F9}.AppStore|ARM.Build.0 = Release|Any CPU
		{2FC435CC-CB55-4267-AB24-17E4197293F9}.AppStore|ARM.Deploy.0 = Release|Any CPU
		{2FC435CC-CB55-4267-AB24-17E4197293F9}.AppStore|iPhone.ActiveCfg = Release|Any CPU
		{2FC435CC-CB55-4267-AB24-17E4197293F9}.AppStore|iPhone.Build.0 = Release|Any CPU
		{2FC435CC-CB55-4267-AB24-17E4197293F9}.AppStore|iPhone.Deploy.0 = Release|Any CPU
		{2FC435CC-CB55-4267-AB24-17E4197293F9}.AppStore|iPhoneSimulator.ActiveCfg = Release|Any CPU
		{2FC435CC-CB55-4267-AB24-17E4197293F9}.AppStore|iPhoneSimulator.Build.0 = Release|Any CPU
		{2FC435CC-CB55-4267-AB24-17E4197293F9}.AppStore|iPhoneSimulator.Deploy.0 = Release|Any CPU
		{2FC435CC-CB55-4267-AB24-17E4197293F9}.AppStore|x64.ActiveCfg = Release|Any CPU
		{2FC435CC-CB55-4267-AB24-17E4197293F9}.AppStore|x64.Build.0 = Release|Any CPU
		{2FC435CC-CB55-4267-AB24-17E4197293F9}.AppStore|x64.Deploy.0 = Release|Any CPU
		{2FC435CC-CB55-4267-AB24-17E4197293F9}.AppStore|x86.ActiveCfg = Release|Any CPU
		{2FC435CC-CB55-4267-AB24-17E4197293F9}.AppStore|x86.Build.0 = Release|Any CPU
		{2FC435CC-CB55-4267-AB24-17E4197293F9}.AppStore|x86.Deploy.0 = Release|Any CPU
		{2FC435CC-CB55-4267-AB24-17E4197293F9}.Debug|Any CPU.ActiveCfg = Debug|Any CPU
		{2FC435CC-CB55-4267-AB24-17E4197293F9}.Debug|Any CPU.Build.0 = Debug|Any CPU
		{2FC435CC-CB55-4267-AB24-17E4197293F9}.Debug|Any CPU.Deploy.0 = Debug|Any CPU
		{2FC435CC-CB55-4267-AB24-17E4197293F9}.Debug|ARM.ActiveCfg = Debug|Any CPU
		{2FC435CC-CB55-4267-AB24-17E4197293F9}.Debug|ARM.Build.0 = Debug|Any CPU
		{2FC435CC-CB55-4267-AB24-17E4197293F9}.Debug|ARM.Deploy.0 = Debug|Any CPU
		{2FC435CC-CB55-4267-AB24-17E4197293F9}.Debug|iPhone.ActiveCfg = Debug|Any CPU
		{2FC435CC-CB55-4267-AB24-17E4197293F9}.Debug|iPhone.Build.0 = Debug|Any CPU
		{2FC435CC-CB55-4267-AB24-17E4197293F9}.Debug|iPhone.Deploy.0 = Debug|Any CPU
		{2FC435CC-CB55-4267-AB24-17E4197293F9}.Debug|iPhoneSimulator.ActiveCfg = Debug|Any CPU
		{2FC435CC-CB55-4267-AB24-17E4197293F9}.Debug|iPhoneSimulator.Build.0 = Debug|Any CPU
		{2FC435CC-CB55-4267-AB24-17E4197293F9}.Debug|iPhoneSimulator.Deploy.0 = Debug|Any CPU
		{2FC435CC-CB55-4267-AB24-17E4197293F9}.Debug|x64.ActiveCfg = Debug|Any CPU
		{2FC435CC-CB55-4267-AB24-17E4197293F9}.Debug|x64.Build.0 = Debug|Any CPU
		{2FC435CC-CB55-4267-AB24-17E4197293F9}.Debug|x64.Deploy.0 = Debug|Any CPU
		{2FC435CC-CB55-4267-AB24-17E4197293F9}.Debug|x86.ActiveCfg = Debug|Any CPU
		{2FC435CC-CB55-4267-AB24-17E4197293F9}.Debug|x86.Build.0 = Debug|Any CPU
		{2FC435CC-CB55-4267-AB24-17E4197293F9}.Debug|x86.Deploy.0 = Debug|Any CPU
		{2FC435CC-CB55-4267-AB24-17E4197293F9}.Release|Any CPU.ActiveCfg = Release|Any CPU
		{2FC435CC-CB55-4267-AB24-17E4197293F9}.Release|Any CPU.Build.0 = Release|Any CPU
		{2FC435CC-CB55-4267-AB24-17E4197293F9}.Release|Any CPU.Deploy.0 = Release|Any CPU
		{2FC435CC-CB55-4267-AB24-17E4197293F9}.Release|ARM.ActiveCfg = Release|Any CPU
		{2FC435CC-CB55-4267-AB24-17E4197293F9}.Release|ARM.Build.0 = Release|Any CPU
		{2FC435CC-CB55-4267-AB24-17E4197293F9}.Release|ARM.Deploy.0 = Release|Any CPU
		{2FC435CC-CB55-4267-AB24-17E4197293F9}.Release|iPhone.ActiveCfg = Release|Any CPU
		{2FC435CC-CB55-4267-AB24-17E4197293F9}.Release|iPhone.Build.0 = Release|Any CPU
		{2FC435CC-CB55-4267-AB24-17E4197293F9}.Release|iPhone.Deploy.0 = Release|Any CPU
		{2FC435CC-CB55-4267-AB24-17E4197293F9}.Release|iPhoneSimulator.ActiveCfg = Release|Any CPU
		{2FC435CC-CB55-4267-AB24-17E4197293F9}.Release|iPhoneSimulator.Build.0 = Release|Any CPU
		{2FC435CC-CB55-4267-AB24-17E4197293F9}.Release|iPhoneSimulator.Deploy.0 = Release|Any CPU
		{2FC435CC-CB55-4267-AB24-17E4197293F9}.Release|x64.ActiveCfg = Release|Any CPU
		{2FC435CC-CB55-4267-AB24-17E4197293F9}.Release|x64.Build.0 = Release|Any CPU
		{2FC435CC-CB55-4267-AB24-17E4197293F9}.Release|x64.Deploy.0 = Release|Any CPU
		{2FC435CC-CB55-4267-AB24-17E4197293F9}.Release|x86.ActiveCfg = Release|Any CPU
		{2FC435CC-CB55-4267-AB24-17E4197293F9}.Release|x86.Build.0 = Release|Any CPU
		{2FC435CC-CB55-4267-AB24-17E4197293F9}.Release|x86.Deploy.0 = Release|Any CPU
		{C548AE91-8C24-481A-909C-06BFF28F676E}.Ad-Hoc|Any CPU.ActiveCfg = Ad-Hoc|iPhone
		{C548AE91-8C24-481A-909C-06BFF28F676E}.Ad-Hoc|ARM.ActiveCfg = Ad-Hoc|iPhone
		{C548AE91-8C24-481A-909C-06BFF28F676E}.Ad-Hoc|iPhone.ActiveCfg = Ad-Hoc|iPhone
		{C548AE91-8C24-481A-909C-06BFF28F676E}.Ad-Hoc|iPhone.Build.0 = Ad-Hoc|iPhone
		{C548AE91-8C24-481A-909C-06BFF28F676E}.Ad-Hoc|iPhoneSimulator.ActiveCfg = Ad-Hoc|iPhoneSimulator
		{C548AE91-8C24-481A-909C-06BFF28F676E}.Ad-Hoc|iPhoneSimulator.Build.0 = Ad-Hoc|iPhoneSimulator
		{C548AE91-8C24-481A-909C-06BFF28F676E}.Ad-Hoc|x64.ActiveCfg = Ad-Hoc|iPhone
		{C548AE91-8C24-481A-909C-06BFF28F676E}.Ad-Hoc|x86.ActiveCfg = Ad-Hoc|iPhone
		{C548AE91-8C24-481A-909C-06BFF28F676E}.AppStore|Any CPU.ActiveCfg = AppStore|iPhone
		{C548AE91-8C24-481A-909C-06BFF28F676E}.AppStore|ARM.ActiveCfg = AppStore|iPhone
		{C548AE91-8C24-481A-909C-06BFF28F676E}.AppStore|iPhone.ActiveCfg = AppStore|iPhone
		{C548AE91-8C24-481A-909C-06BFF28F676E}.AppStore|iPhone.Build.0 = AppStore|iPhone
		{C548AE91-8C24-481A-909C-06BFF28F676E}.AppStore|iPhoneSimulator.ActiveCfg = AppStore|iPhoneSimulator
		{C548AE91-8C24-481A-909C-06BFF28F676E}.AppStore|iPhoneSimulator.Build.0 = AppStore|iPhoneSimulator
		{C548AE91-8C24-481A-909C-06BFF28F676E}.AppStore|x64.ActiveCfg = AppStore|iPhone
		{C548AE91-8C24-481A-909C-06BFF28F676E}.AppStore|x86.ActiveCfg = AppStore|iPhone
		{C548AE91-8C24-481A-909C-06BFF28F676E}.Debug|Any CPU.ActiveCfg = Debug|iPhone
		{C548AE91-8C24-481A-909C-06BFF28F676E}.Debug|ARM.ActiveCfg = Debug|iPhone
		{C548AE91-8C24-481A-909C-06BFF28F676E}.Debug|iPhone.ActiveCfg = Debug|iPhone
		{C548AE91-8C24-481A-909C-06BFF28F676E}.Debug|iPhone.Build.0 = Debug|iPhone
		{C548AE91-8C24-481A-909C-06BFF28F676E}.Debug|iPhoneSimulator.ActiveCfg = Debug|iPhoneSimulator
		{C548AE91-8C24-481A-909C-06BFF28F676E}.Debug|iPhoneSimulator.Build.0 = Debug|iPhoneSimulator
		{C548AE91-8C24-481A-909C-06BFF28F676E}.Debug|x64.ActiveCfg = Debug|iPhone
		{C548AE91-8C24-481A-909C-06BFF28F676E}.Debug|x86.ActiveCfg = Debug|iPhone
		{C548AE91-8C24-481A-909C-06BFF28F676E}.Release|Any CPU.ActiveCfg = Release|iPhone
		{C548AE91-8C24-481A-909C-06BFF28F676E}.Release|ARM.ActiveCfg = Release|iPhone
		{C548AE91-8C24-481A-909C-06BFF28F676E}.Release|iPhone.ActiveCfg = Release|iPhone
		{C548AE91-8C24-481A-909C-06BFF28F676E}.Release|iPhone.Build.0 = Release|iPhone
		{C548AE91-8C24-481A-909C-06BFF28F676E}.Release|iPhoneSimulator.ActiveCfg = Release|iPhoneSimulator
		{C548AE91-8C24-481A-909C-06BFF28F676E}.Release|iPhoneSimulator.Build.0 = Release|iPhoneSimulator
		{C548AE91-8C24-481A-909C-06BFF28F676E}.Release|x64.ActiveCfg = Release|iPhone
		{C548AE91-8C24-481A-909C-06BFF28F676E}.Release|x86.ActiveCfg = Release|iPhone
		{21544F7D-918F-4619-9DC9-10D45D5D7A88}.Ad-Hoc|Any CPU.ActiveCfg = Release|Any CPU
		{21544F7D-918F-4619-9DC9-10D45D5D7A88}.Ad-Hoc|Any CPU.Build.0 = Release|Any CPU
		{21544F7D-918F-4619-9DC9-10D45D5D7A88}.Ad-Hoc|Any CPU.Deploy.0 = Release|Any CPU
		{21544F7D-918F-4619-9DC9-10D45D5D7A88}.Ad-Hoc|ARM.ActiveCfg = Release|ARM
		{21544F7D-918F-4619-9DC9-10D45D5D7A88}.Ad-Hoc|ARM.Build.0 = Release|ARM
		{21544F7D-918F-4619-9DC9-10D45D5D7A88}.Ad-Hoc|ARM.Deploy.0 = Release|ARM
		{21544F7D-918F-4619-9DC9-10D45D5D7A88}.Ad-Hoc|iPhone.ActiveCfg = Release|Any CPU
		{21544F7D-918F-4619-9DC9-10D45D5D7A88}.Ad-Hoc|iPhone.Build.0 = Release|Any CPU
		{21544F7D-918F-4619-9DC9-10D45D5D7A88}.Ad-Hoc|iPhone.Deploy.0 = Release|Any CPU
		{21544F7D-918F-4619-9DC9-10D45D5D7A88}.Ad-Hoc|iPhoneSimulator.ActiveCfg = Release|Any CPU
		{21544F7D-918F-4619-9DC9-10D45D5D7A88}.Ad-Hoc|iPhoneSimulator.Build.0 = Release|Any CPU
		{21544F7D-918F-4619-9DC9-10D45D5D7A88}.Ad-Hoc|iPhoneSimulator.Deploy.0 = Release|Any CPU
		{21544F7D-918F-4619-9DC9-10D45D5D7A88}.Ad-Hoc|x64.ActiveCfg = Release|Any CPU
		{21544F7D-918F-4619-9DC9-10D45D5D7A88}.Ad-Hoc|x64.Build.0 = Release|Any CPU
		{21544F7D-918F-4619-9DC9-10D45D5D7A88}.Ad-Hoc|x64.Deploy.0 = Release|Any CPU
		{21544F7D-918F-4619-9DC9-10D45D5D7A88}.Ad-Hoc|x86.ActiveCfg = Release|x86
		{21544F7D-918F-4619-9DC9-10D45D5D7A88}.Ad-Hoc|x86.Build.0 = Release|x86
		{21544F7D-918F-4619-9DC9-10D45D5D7A88}.Ad-Hoc|x86.Deploy.0 = Release|x86
		{21544F7D-918F-4619-9DC9-10D45D5D7A88}.AppStore|Any CPU.ActiveCfg = Release|Any CPU
		{21544F7D-918F-4619-9DC9-10D45D5D7A88}.AppStore|Any CPU.Build.0 = Release|Any CPU
		{21544F7D-918F-4619-9DC9-10D45D5D7A88}.AppStore|Any CPU.Deploy.0 = Release|Any CPU
		{21544F7D-918F-4619-9DC9-10D45D5D7A88}.AppStore|ARM.ActiveCfg = Release|ARM
		{21544F7D-918F-4619-9DC9-10D45D5D7A88}.AppStore|ARM.Build.0 = Release|ARM
		{21544F7D-918F-4619-9DC9-10D45D5D7A88}.AppStore|ARM.Deploy.0 = Release|ARM
		{21544F7D-918F-4619-9DC9-10D45D5D7A88}.AppStore|iPhone.ActiveCfg = Release|Any CPU
		{21544F7D-918F-4619-9DC9-10D45D5D7A88}.AppStore|iPhone.Build.0 = Release|Any CPU
		{21544F7D-918F-4619-9DC9-10D45D5D7A88}.AppStore|iPhone.Deploy.0 = Release|Any CPU
		{21544F7D-918F-4619-9DC9-10D45D5D7A88}.AppStore|iPhoneSimulator.ActiveCfg = Release|Any CPU
		{21544F7D-918F-4619-9DC9-10D45D5D7A88}.AppStore|iPhoneSimulator.Build.0 = Release|Any CPU
		{21544F7D-918F-4619-9DC9-10D45D5D7A88}.AppStore|iPhoneSimulator.Deploy.0 = Release|Any CPU
		{21544F7D-918F-4619-9DC9-10D45D5D7A88}.AppStore|x64.ActiveCfg = Release|Any CPU
		{21544F7D-918F-4619-9DC9-10D45D5D7A88}.AppStore|x64.Build.0 = Release|Any CPU
		{21544F7D-918F-4619-9DC9-10D45D5D7A88}.AppStore|x64.Deploy.0 = Release|Any CPU
		{21544F7D-918F-4619-9DC9-10D45D5D7A88}.AppStore|x86.ActiveCfg = Release|x86
		{21544F7D-918F-4619-9DC9-10D45D5D7A88}.AppStore|x86.Build.0 = Release|x86
		{21544F7D-918F-4619-9DC9-10D45D5D7A88}.AppStore|x86.Deploy.0 = Release|x86
		{21544F7D-918F-4619-9DC9-10D45D5D7A88}.Debug|Any CPU.ActiveCfg = Debug|Any CPU
		{21544F7D-918F-4619-9DC9-10D45D5D7A88}.Debug|Any CPU.Build.0 = Debug|Any CPU
		{21544F7D-918F-4619-9DC9-10D45D5D7A88}.Debug|Any CPU.Deploy.0 = Debug|Any CPU
		{21544F7D-918F-4619-9DC9-10D45D5D7A88}.Debug|ARM.ActiveCfg = Debug|ARM
		{21544F7D-918F-4619-9DC9-10D45D5D7A88}.Debug|ARM.Build.0 = Debug|ARM
		{21544F7D-918F-4619-9DC9-10D45D5D7A88}.Debug|ARM.Deploy.0 = Debug|ARM
		{21544F7D-918F-4619-9DC9-10D45D5D7A88}.Debug|iPhone.ActiveCfg = Debug|Any CPU
		{21544F7D-918F-4619-9DC9-10D45D5D7A88}.Debug|iPhone.Build.0 = Debug|Any CPU
		{21544F7D-918F-4619-9DC9-10D45D5D7A88}.Debug|iPhone.Deploy.0 = Debug|Any CPU
		{21544F7D-918F-4619-9DC9-10D45D5D7A88}.Debug|iPhoneSimulator.ActiveCfg = Debug|Any CPU
		{21544F7D-918F-4619-9DC9-10D45D5D7A88}.Debug|iPhoneSimulator.Build.0 = Debug|Any CPU
		{21544F7D-918F-4619-9DC9-10D45D5D7A88}.Debug|iPhoneSimulator.Deploy.0 = Debug|Any CPU
		{21544F7D-918F-4619-9DC9-10D45D5D7A88}.Debug|x64.ActiveCfg = Debug|Any CPU
		{21544F7D-918F-4619-9DC9-10D45D5D7A88}.Debug|x64.Build.0 = Debug|Any CPU
		{21544F7D-918F-4619-9DC9-10D45D5D7A88}.Debug|x64.Deploy.0 = Debug|Any CPU
		{21544F7D-918F-4619-9DC9-10D45D5D7A88}.Debug|x86.ActiveCfg = Debug|x86
		{21544F7D-918F-4619-9DC9-10D45D5D7A88}.Debug|x86.Build.0 = Debug|x86
		{21544F7D-918F-4619-9DC9-10D45D5D7A88}.Debug|x86.Deploy.0 = Debug|x86
		{21544F7D-918F-4619-9DC9-10D45D5D7A88}.Release|Any CPU.ActiveCfg = Release|Any CPU
		{21544F7D-918F-4619-9DC9-10D45D5D7A88}.Release|Any CPU.Build.0 = Release|Any CPU
		{21544F7D-918F-4619-9DC9-10D45D5D7A88}.Release|Any CPU.Deploy.0 = Release|Any CPU
		{21544F7D-918F-4619-9DC9-10D45D5D7A88}.Release|ARM.ActiveCfg = Release|ARM
		{21544F7D-918F-4619-9DC9-10D45D5D7A88}.Release|ARM.Build.0 = Release|ARM
		{21544F7D-918F-4619-9DC9-10D45D5D7A88}.Release|ARM.Deploy.0 = Release|ARM
		{21544F7D-918F-4619-9DC9-10D45D5D7A88}.Release|iPhone.ActiveCfg = Release|Any CPU
		{21544F7D-918F-4619-9DC9-10D45D5D7A88}.Release|iPhone.Build.0 = Release|Any CPU
		{21544F7D-918F-4619-9DC9-10D45D5D7A88}.Release|iPhone.Deploy.0 = Release|Any CPU
		{21544F7D-918F-4619-9DC9-10D45D5D7A88}.Release|iPhoneSimulator.ActiveCfg = Release|Any CPU
		{21544F7D-918F-4619-9DC9-10D45D5D7A88}.Release|iPhoneSimulator.Build.0 = Release|Any CPU
		{21544F7D-918F-4619-9DC9-10D45D5D7A88}.Release|iPhoneSimulator.Deploy.0 = Release|Any CPU
		{21544F7D-918F-4619-9DC9-10D45D5D7A88}.Release|x64.ActiveCfg = Release|Any CPU
		{21544F7D-918F-4619-9DC9-10D45D5D7A88}.Release|x64.Build.0 = Release|Any CPU
		{21544F7D-918F-4619-9DC9-10D45D5D7A88}.Release|x64.Deploy.0 = Release|Any CPU
		{21544F7D-918F-4619-9DC9-10D45D5D7A88}.Release|x86.ActiveCfg = Release|x86
		{21544F7D-918F-4619-9DC9-10D45D5D7A88}.Release|x86.Build.0 = Release|x86
		{21544F7D-918F-4619-9DC9-10D45D5D7A88}.Release|x86.Deploy.0 = Release|x86
		{D97DBA49-293E-4A00-8098-61CECE8B5BFF}.Ad-Hoc|Any CPU.ActiveCfg = Release|Any CPU
		{D97DBA49-293E-4A00-8098-61CECE8B5BFF}.Ad-Hoc|Any CPU.Build.0 = Release|Any CPU
		{D97DBA49-293E-4A00-8098-61CECE8B5BFF}.Ad-Hoc|Any CPU.Deploy.0 = Release|Any CPU
		{D97DBA49-293E-4A00-8098-61CECE8B5BFF}.Ad-Hoc|ARM.ActiveCfg = Release|ARM
		{D97DBA49-293E-4A00-8098-61CECE8B5BFF}.Ad-Hoc|ARM.Build.0 = Release|ARM
		{D97DBA49-293E-4A00-8098-61CECE8B5BFF}.Ad-Hoc|ARM.Deploy.0 = Release|ARM
		{D97DBA49-293E-4A00-8098-61CECE8B5BFF}.Ad-Hoc|iPhone.ActiveCfg = Release|Any CPU
		{D97DBA49-293E-4A00-8098-61CECE8B5BFF}.Ad-Hoc|iPhone.Build.0 = Release|Any CPU
		{D97DBA49-293E-4A00-8098-61CECE8B5BFF}.Ad-Hoc|iPhone.Deploy.0 = Release|Any CPU
		{D97DBA49-293E-4A00-8098-61CECE8B5BFF}.Ad-Hoc|iPhoneSimulator.ActiveCfg = Release|Any CPU
		{D97DBA49-293E-4A00-8098-61CECE8B5BFF}.Ad-Hoc|iPhoneSimulator.Build.0 = Release|Any CPU
		{D97DBA49-293E-4A00-8098-61CECE8B5BFF}.Ad-Hoc|iPhoneSimulator.Deploy.0 = Release|Any CPU
		{D97DBA49-293E-4A00-8098-61CECE8B5BFF}.Ad-Hoc|x64.ActiveCfg = Release|x64
		{D97DBA49-293E-4A00-8098-61CECE8B5BFF}.Ad-Hoc|x64.Build.0 = Release|x64
		{D97DBA49-293E-4A00-8098-61CECE8B5BFF}.Ad-Hoc|x64.Deploy.0 = Release|x64
		{D97DBA49-293E-4A00-8098-61CECE8B5BFF}.Ad-Hoc|x86.ActiveCfg = Release|x86
		{D97DBA49-293E-4A00-8098-61CECE8B5BFF}.Ad-Hoc|x86.Build.0 = Release|x86
		{D97DBA49-293E-4A00-8098-61CECE8B5BFF}.Ad-Hoc|x86.Deploy.0 = Release|x86
		{D97DBA49-293E-4A00-8098-61CECE8B5BFF}.AppStore|Any CPU.ActiveCfg = Release|Any CPU
		{D97DBA49-293E-4A00-8098-61CECE8B5BFF}.AppStore|Any CPU.Build.0 = Release|Any CPU
		{D97DBA49-293E-4A00-8098-61CECE8B5BFF}.AppStore|Any CPU.Deploy.0 = Release|Any CPU
		{D97DBA49-293E-4A00-8098-61CECE8B5BFF}.AppStore|ARM.ActiveCfg = Release|ARM
		{D97DBA49-293E-4A00-8098-61CECE8B5BFF}.AppStore|ARM.Build.0 = Release|ARM
		{D97DBA49-293E-4A00-8098-61CECE8B5BFF}.AppStore|ARM.Deploy.0 = Release|ARM
		{D97DBA49-293E-4A00-8098-61CECE8B5BFF}.AppStore|iPhone.ActiveCfg = Release|Any CPU
		{D97DBA49-293E-4A00-8098-61CECE8B5BFF}.AppStore|iPhone.Build.0 = Release|Any CPU
		{D97DBA49-293E-4A00-8098-61CECE8B5BFF}.AppStore|iPhone.Deploy.0 = Release|Any CPU
		{D97DBA49-293E-4A00-8098-61CECE8B5BFF}.AppStore|iPhoneSimulator.ActiveCfg = Release|Any CPU
		{D97DBA49-293E-4A00-8098-61CECE8B5BFF}.AppStore|iPhoneSimulator.Build.0 = Release|Any CPU
		{D97DBA49-293E-4A00-8098-61CECE8B5BFF}.AppStore|iPhoneSimulator.Deploy.0 = Release|Any CPU
		{D97DBA49-293E-4A00-8098-61CECE8B5BFF}.AppStore|x64.ActiveCfg = Release|x64
		{D97DBA49-293E-4A00-8098-61CECE8B5BFF}.AppStore|x64.Build.0 = Release|x64
		{D97DBA49-293E-4A00-8098-61CECE8B5BFF}.AppStore|x64.Deploy.0 = Release|x64
		{D97DBA49-293E-4A00-8098-61CECE8B5BFF}.AppStore|x86.ActiveCfg = Release|x86
		{D97DBA49-293E-4A00-8098-61CECE8B5BFF}.AppStore|x86.Build.0 = Release|x86
		{D97DBA49-293E-4A00-8098-61CECE8B5BFF}.AppStore|x86.Deploy.0 = Release|x86
		{D97DBA49-293E-4A00-8098-61CECE8B5BFF}.Debug|Any CPU.ActiveCfg = Debug|Any CPU
		{D97DBA49-293E-4A00-8098-61CECE8B5BFF}.Debug|Any CPU.Build.0 = Debug|Any CPU
		{D97DBA49-293E-4A00-8098-61CECE8B5BFF}.Debug|Any CPU.Deploy.0 = Debug|Any CPU
		{D97DBA49-293E-4A00-8098-61CECE8B5BFF}.Debug|ARM.ActiveCfg = Debug|ARM
		{D97DBA49-293E-4A00-8098-61CECE8B5BFF}.Debug|ARM.Build.0 = Debug|ARM
		{D97DBA49-293E-4A00-8098-61CECE8B5BFF}.Debug|ARM.Deploy.0 = Debug|ARM
		{D97DBA49-293E-4A00-8098-61CECE8B5BFF}.Debug|iPhone.ActiveCfg = Debug|Any CPU
		{D97DBA49-293E-4A00-8098-61CECE8B5BFF}.Debug|iPhone.Build.0 = Debug|Any CPU
		{D97DBA49-293E-4A00-8098-61CECE8B5BFF}.Debug|iPhone.Deploy.0 = Debug|Any CPU
		{D97DBA49-293E-4A00-8098-61CECE8B5BFF}.Debug|iPhoneSimulator.ActiveCfg = Debug|Any CPU
		{D97DBA49-293E-4A00-8098-61CECE8B5BFF}.Debug|iPhoneSimulator.Build.0 = Debug|Any CPU
		{D97DBA49-293E-4A00-8098-61CECE8B5BFF}.Debug|iPhoneSimulator.Deploy.0 = Debug|Any CPU
		{D97DBA49-293E-4A00-8098-61CECE8B5BFF}.Debug|x64.ActiveCfg = Debug|x64
		{D97DBA49-293E-4A00-8098-61CECE8B5BFF}.Debug|x64.Build.0 = Debug|x64
		{D97DBA49-293E-4A00-8098-61CECE8B5BFF}.Debug|x64.Deploy.0 = Debug|x64
		{D97DBA49-293E-4A00-8098-61CECE8B5BFF}.Debug|x86.ActiveCfg = Debug|x86
		{D97DBA49-293E-4A00-8098-61CECE8B5BFF}.Debug|x86.Build.0 = Debug|x86
		{D97DBA49-293E-4A00-8098-61CECE8B5BFF}.Debug|x86.Deploy.0 = Debug|x86
		{D97DBA49-293E-4A00-8098-61CECE8B5BFF}.Release|Any CPU.ActiveCfg = Release|Any CPU
		{D97DBA49-293E-4A00-8098-61CECE8B5BFF}.Release|Any CPU.Build.0 = Release|Any CPU
		{D97DBA49-293E-4A00-8098-61CECE8B5BFF}.Release|Any CPU.Deploy.0 = Release|Any CPU
		{D97DBA49-293E-4A00-8098-61CECE8B5BFF}.Release|ARM.ActiveCfg = Release|ARM
		{D97DBA49-293E-4A00-8098-61CECE8B5BFF}.Release|ARM.Build.0 = Release|ARM
		{D97DBA49-293E-4A00-8098-61CECE8B5BFF}.Release|ARM.Deploy.0 = Release|ARM
		{D97DBA49-293E-4A00-8098-61CECE8B5BFF}.Release|iPhone.ActiveCfg = Release|Any CPU
		{D97DBA49-293E-4A00-8098-61CECE8B5BFF}.Release|iPhone.Build.0 = Release|Any CPU
		{D97DBA49-293E-4A00-8098-61CECE8B5BFF}.Release|iPhone.Deploy.0 = Release|Any CPU
		{D97DBA49-293E-4A00-8098-61CECE8B5BFF}.Release|iPhoneSimulator.ActiveCfg = Release|Any CPU
		{D97DBA49-293E-4A00-8098-61CECE8B5BFF}.Release|iPhoneSimulator.Build.0 = Release|Any CPU
		{D97DBA49-293E-4A00-8098-61CECE8B5BFF}.Release|iPhoneSimulator.Deploy.0 = Release|Any CPU
		{D97DBA49-293E-4A00-8098-61CECE8B5BFF}.Release|x64.ActiveCfg = Release|x64
		{D97DBA49-293E-4A00-8098-61CECE8B5BFF}.Release|x64.Build.0 = Release|x64
		{D97DBA49-293E-4A00-8098-61CECE8B5BFF}.Release|x64.Deploy.0 = Release|x64
		{D97DBA49-293E-4A00-8098-61CECE8B5BFF}.Release|x86.ActiveCfg = Release|x86
		{D97DBA49-293E-4A00-8098-61CECE8B5BFF}.Release|x86.Build.0 = Release|x86
		{D97DBA49-293E-4A00-8098-61CECE8B5BFF}.Release|x86.Deploy.0 = Release|x86
	EndGlobalSection
	GlobalSection(SolutionProperties) = preSolution
		HideSolutionNode = FALSE
	EndGlobalSection
EndGlobal
